
Microsoft Visual Studio Solution File, Format Version 12.00
# Visual Studio Version 17
VisualStudioVersion = 17.5.33530.505
MinimumVisualStudioVersion = 10.0.40219.1
Project("{888888A0-9F3D-457C-B088-3A5042F75D52}") = "PythonApplicationOPEN", "PythonApplicationOPEN\PythonApplicationOPEN.pyproj", "{1EC1C4D7-B9FE-4EDD-A9D3-99FD1B9D592F}"
EndProject
Global
	GlobalSection(SolutionConfigurationPlatforms) = preSolution
		Debug|Any CPU = Debug|Any CPU
		Release|Any CPU = Release|Any CPU
	EndGlobalSection
	GlobalSection(ProjectConfigurationPlatforms) = postSolution
		{1EC1C4D7-B9FE-4EDD-A9D3-99FD1B9D592F}.Debug|Any CPU.ActiveCfg = Debug|Any CPU
		{1EC1C4D7-B9FE-4EDD-A9D3-99FD1B9D592F}.Release|Any CPU.ActiveCfg = Release|Any CPU
	EndGlobalSection
	GlobalSection(SolutionProperties) = preSolution
		HideSolutionNode = FALSE
	EndGlobalSection
	GlobalSection(ExtensibilityGlobals) = postSolution
		SolutionGuid = {FF7C605E-AB08-4782-8C9C-E5D63C9A29DD}
	EndGlobalSection
EndGlobal
